
Microsoft Visual Studio Solution File, Format Version 12.00
# Visual Studio Version 16
VisualStudioVersion = 16.0.29920.165
MinimumVisualStudioVersion = 10.0.40219.1
Project("{9A19103F-16F7-4668-BE54-9A1E7A4F7556}") = "OrderManagementSupport", "OrderManagementSupport\OrderManagementSupport.csproj", "{3724B5BC-90BD-4C4F-9640-D85D5F4D3C48}"
EndProject
Global
	GlobalSection(SolutionConfigurationPlatforms) = preSolution
		Debug|Any CPU = Debug|Any CPU
		Release|Any CPU = Release|Any CPU
	EndGlobalSection
	GlobalSection(ProjectConfigurationPlatforms) = postSolution
		{3724B5BC-90BD-4C4F-9640-D85D5F4D3C48}.Debug|Any CPU.ActiveCfg = Debug|Any CPU
		{3724B5BC-90BD-4C4F-9640-D85D5F4D3C48}.Debug|Any CPU.Build.0 = Debug|Any CPU
		{3724B5BC-90BD-4C4F-9640-D85D5F4D3C48}.Release|Any CPU.ActiveCfg = Release|Any CPU
		{3724B5BC-90BD-4C4F-9640-D85D5F4D3C48}.Release|Any CPU.Build.0 = Release|Any CPU
	EndGlobalSection
	GlobalSection(SolutionProperties) = preSolution
		HideSolutionNode = FALSE
	EndGlobalSection
	GlobalSection(ExtensibilityGlobals) = postSolution
		SolutionGuid = {A2C272EA-CB22-452D-B65D-9174895EF04B}
	EndGlobalSection
EndGlobal
